// !$*UTF8*$!
{
	archiveVersion = 1;
	classes = {
	};
	objectVersion = 46;
	objects = {

/* Begin PBXBuildFile section */
		4B58E9611D0A15A600947B3C /* AppDelegate.swift in Sources */ = {isa = PBXBuildFile; fileRef = 4B58E9601D0A15A600947B3C /* AppDelegate.swift */; };
		4B58E9631D0A15A600947B3C /* SmartHubViewController.swift in Sources */ = {isa = PBXBuildFile; fileRef = 4B58E9621D0A15A600947B3C /* SmartHubViewController.swift */; };
		4B58E9661D0A15A600947B3C /* Main.storyboard in Resources */ = {isa = PBXBuildFile; fileRef = 4B58E9641D0A15A600947B3C /* Main.storyboard */; };
		4B58E9681D0A15A600947B3C /* Assets.xcassets in Resources */ = {isa = PBXBuildFile; fileRef = 4B58E9671D0A15A600947B3C /* Assets.xcassets */; };
		4B58E9731D0A15A600947B3C /* SmartHomeTVHubTests.swift in Sources */ = {isa = PBXBuildFile; fileRef = 4B58E9721D0A15A600947B3C /* SmartHomeTVHubTests.swift */; };
		4B58E97E1D0A15A600947B3C /* SmartHomeTVHubUITests.swift in Sources */ = {isa = PBXBuildFile; fileRef = 4B58E97D1D0A15A600947B3C /* SmartHomeTVHubUITests.swift */; };
		4B58E98C1D0A167000947B3C /* IoTObjectCell.swift in Sources */ = {isa = PBXBuildFile; fileRef = 4B58E98B1D0A167000947B3C /* IoTObjectCell.swift */; };
		4B712C321D1C547C008E9E8F /* LightBulbCell.swift in Sources */ = {isa = PBXBuildFile; fileRef = 4B712C311D1C547C008E9E8F /* LightBulbCell.swift */; };
		4B712C361D1C5516008E9E8F /* KettleCell.swift in Sources */ = {isa = PBXBuildFile; fileRef = 4B712C351D1C5516008E9E8F /* KettleCell.swift */; };
		4B712C381D1C5563008E9E8F /* ThermostatCell.swift in Sources */ = {isa = PBXBuildFile; fileRef = 4B712C371D1C5563008E9E8F /* ThermostatCell.swift */; };
		4BB8F1E41D2F244C00FAB167 /* SF-UI-Display-Black.otf in Resources */ = {isa = PBXBuildFile; fileRef = 4BB8F1DB1D2F244C00FAB167 /* SF-UI-Display-Black.otf */; };
		4BB8F1E51D2F244C00FAB167 /* SF-UI-Display-Bold.otf in Resources */ = {isa = PBXBuildFile; fileRef = 4BB8F1DC1D2F244C00FAB167 /* SF-UI-Display-Bold.otf */; };
		4BB8F1E61D2F244C00FAB167 /* SF-UI-Display-Heavy.otf in Resources */ = {isa = PBXBuildFile; fileRef = 4BB8F1DD1D2F244C00FAB167 /* SF-UI-Display-Heavy.otf */; };
		4BB8F1E71D2F244C00FAB167 /* SF-UI-Display-Light.otf in Resources */ = {isa = PBXBuildFile; fileRef = 4BB8F1DE1D2F244C00FAB167 /* SF-UI-Display-Light.otf */; };
		4BB8F1E81D2F244C00FAB167 /* SF-UI-Display-Medium.otf in Resources */ = {isa = PBXBuildFile; fileRef = 4BB8F1DF1D2F244C00FAB167 /* SF-UI-Display-Medium.otf */; };
		4BB8F1E91D2F244C00FAB167 /* SF-UI-Display-Regular.otf in Resources */ = {isa = PBXBuildFile; fileRef = 4BB8F1E01D2F244C00FAB167 /* SF-UI-Display-Regular.otf */; };
		4BB8F1EA1D2F244C00FAB167 /* SF-UI-Display-Semibold.otf in Resources */ = {isa = PBXBuildFile; fileRef = 4BB8F1E11D2F244C00FAB167 /* SF-UI-Display-Semibold.otf */; };
		4BB8F1EB1D2F244C00FAB167 /* SF-UI-Display-Thin.otf in Resources */ = {isa = PBXBuildFile; fileRef = 4BB8F1E21D2F244C00FAB167 /* SF-UI-Display-Thin.otf */; };
		4BB8F1EC1D2F244C00FAB167 /* SF-UI-Display-Ultralight.otf in Resources */ = {isa = PBXBuildFile; fileRef = 4BB8F1E31D2F244C00FAB167 /* SF-UI-Display-Ultralight.otf */; };
		94CAA677AF73695F88A34F85 /* Pods_SmartHomeTVHub.framework in Frameworks */ = {isa = PBXBuildFile; fileRef = DB6D34B42B0A311025BF8086 /* Pods_SmartHomeTVHub.framework */; };
/* End PBXBuildFile section */

/* Begin PBXContainerItemProxy section */
		4B58E96F1D0A15A600947B3C /* PBXContainerItemProxy */ = {
			isa = PBXContainerItemProxy;
			containerPortal = 4B58E9551D0A15A600947B3C /* Project object */;
			proxyType = 1;
			remoteGlobalIDString = 4B58E95C1D0A15A600947B3C;
			remoteInfo = SmartHomeTVHub;
		};
		4B58E97A1D0A15A600947B3C /* PBXContainerItemProxy */ = {
			isa = PBXContainerItemProxy;
			containerPortal = 4B58E9551D0A15A600947B3C /* Project object */;
			proxyType = 1;
			remoteGlobalIDString = 4B58E95C1D0A15A600947B3C;
			remoteInfo = SmartHomeTVHub;
		};
/* End PBXContainerItemProxy section */

/* Begin PBXFileReference section */
		4B58E95D1D0A15A600947B3C /* SmartHomeTVHub.app */ = {isa = PBXFileReference; explicitFileType = wrapper.application; includeInIndex = 0; path = SmartHomeTVHub.app; sourceTree = BUILT_PRODUCTS_DIR; };
		4B58E9601D0A15A600947B3C /* AppDelegate.swift */ = {isa = PBXFileReference; lastKnownFileType = sourcecode.swift; path = AppDelegate.swift; sourceTree = "<group>"; };
		4B58E9621D0A15A600947B3C /* SmartHubViewController.swift */ = {isa = PBXFileReference; lastKnownFileType = sourcecode.swift; path = SmartHubViewController.swift; sourceTree = "<group>"; };
		4B58E9651D0A15A600947B3C /* Base */ = {isa = PBXFileReference; lastKnownFileType = file.storyboard; name = Base; path = Base.lproj/Main.storyboard; sourceTree = "<group>"; };
		4B58E9671D0A15A600947B3C /* Assets.xcassets */ = {isa = PBXFileReference; lastKnownFileType = folder.assetcatalog; path = Assets.xcassets; sourceTree = "<group>"; };
		4B58E9691D0A15A600947B3C /* Info.plist */ = {isa = PBXFileReference; lastKnownFileType = text.plist.xml; path = Info.plist; sourceTree = "<group>"; };
		4B58E96E1D0A15A600947B3C /* SmartHomeTVHubTests.xctest */ = {isa = PBXFileReference; explicitFileType = wrapper.cfbundle; includeInIndex = 0; path = SmartHomeTVHubTests.xctest; sourceTree = BUILT_PRODUCTS_DIR; };
		4B58E9721D0A15A600947B3C /* SmartHomeTVHubTests.swift */ = {isa = PBXFileReference; lastKnownFileType = sourcecode.swift; path = SmartHomeTVHubTests.swift; sourceTree = "<group>"; };
		4B58E9741D0A15A600947B3C /* Info.plist */ = {isa = PBXFileReference; lastKnownFileType = text.plist.xml; path = Info.plist; sourceTree = "<group>"; };
		4B58E9791D0A15A600947B3C /* SmartHomeTVHubUITests.xctest */ = {isa = PBXFileReference; explicitFileType = wrapper.cfbundle; includeInIndex = 0; path = SmartHomeTVHubUITests.xctest; sourceTree = BUILT_PRODUCTS_DIR; };
		4B58E97D1D0A15A600947B3C /* SmartHomeTVHubUITests.swift */ = {isa = PBXFileReference; lastKnownFileType = sourcecode.swift; path = SmartHomeTVHubUITests.swift; sourceTree = "<group>"; };
		4B58E97F1D0A15A600947B3C /* Info.plist */ = {isa = PBXFileReference; lastKnownFileType = text.plist.xml; path = Info.plist; sourceTree = "<group>"; };
		4B58E98B1D0A167000947B3C /* IoTObjectCell.swift */ = {isa = PBXFileReference; fileEncoding = 4; lastKnownFileType = sourcecode.swift; path = IoTObjectCell.swift; sourceTree = "<group>"; };
		4B712C311D1C547C008E9E8F /* LightBulbCell.swift */ = {isa = PBXFileReference; fileEncoding = 4; lastKnownFileType = sourcecode.swift; path = LightBulbCell.swift; sourceTree = "<group>"; };
		4B712C351D1C5516008E9E8F /* KettleCell.swift */ = {isa = PBXFileReference; fileEncoding = 4; lastKnownFileType = sourcecode.swift; path = KettleCell.swift; sourceTree = "<group>"; };
		4B712C371D1C5563008E9E8F /* ThermostatCell.swift */ = {isa = PBXFileReference; fileEncoding = 4; lastKnownFileType = sourcecode.swift; path = ThermostatCell.swift; sourceTree = "<group>"; };
		4BB8F1DB1D2F244C00FAB167 /* SF-UI-Display-Black.otf */ = {isa = PBXFileReference; lastKnownFileType = file; path = "SF-UI-Display-Black.otf"; sourceTree = "<group>"; };
		4BB8F1DC1D2F244C00FAB167 /* SF-UI-Display-Bold.otf */ = {isa = PBXFileReference; lastKnownFileType = file; path = "SF-UI-Display-Bold.otf"; sourceTree = "<group>"; };
		4BB8F1DD1D2F244C00FAB167 /* SF-UI-Display-Heavy.otf */ = {isa = PBXFileReference; lastKnownFileType = file; path = "SF-UI-Display-Heavy.otf"; sourceTree = "<group>"; };
		4BB8F1DE1D2F244C00FAB167 /* SF-UI-Display-Light.otf */ = {isa = PBXFileReference; lastKnownFileType = file; path = "SF-UI-Display-Light.otf"; sourceTree = "<group>"; };
		4BB8F1DF1D2F244C00FAB167 /* SF-UI-Display-Medium.otf */ = {isa = PBXFileReference; lastKnownFileType = file; path = "SF-UI-Display-Medium.otf"; sourceTree = "<group>"; };
		4BB8F1E01D2F244C00FAB167 /* SF-UI-Display-Regular.otf */ = {isa = PBXFileReference; lastKnownFileType = file; path = "SF-UI-Display-Regular.otf"; sourceTree = "<group>"; };
		4BB8F1E11D2F244C00FAB167 /* SF-UI-Display-Semibold.otf */ = {isa = PBXFileReference; lastKnownFileType = file; path = "SF-UI-Display-Semibold.otf"; sourceTree = "<group>"; };
		4BB8F1E21D2F244C00FAB167 /* SF-UI-Display-Thin.otf */ = {isa = PBXFileReference; lastKnownFileType = file; path = "SF-UI-Display-Thin.otf"; sourceTree = "<group>"; };
		4BB8F1E31D2F244C00FAB167 /* SF-UI-Display-Ultralight.otf */ = {isa = PBXFileReference; lastKnownFileType = file; path = "SF-UI-Display-Ultralight.otf"; sourceTree = "<group>"; };
		822301B88D566194712624FB /* Pods-SmartHomeTVHub.release.xcconfig */ = {isa = PBXFileReference; includeInIndex = 1; lastKnownFileType = text.xcconfig; name = "Pods-SmartHomeTVHub.release.xcconfig"; path = "Pods/Target Support Files/Pods-SmartHomeTVHub/Pods-SmartHomeTVHub.release.xcconfig"; sourceTree = "<group>"; };
		A543E8E087BE0F0D11886401 /* Pods-SmartHomeTVHub.debug.xcconfig */ = {isa = PBXFileReference; includeInIndex = 1; lastKnownFileType = text.xcconfig; name = "Pods-SmartHomeTVHub.debug.xcconfig"; path = "Pods/Target Support Files/Pods-SmartHomeTVHub/Pods-SmartHomeTVHub.debug.xcconfig"; sourceTree = "<group>"; };
		DB6D34B42B0A311025BF8086 /* Pods_SmartHomeTVHub.framework */ = {isa = PBXFileReference; explicitFileType = wrapper.framework; includeInIndex = 0; path = Pods_SmartHomeTVHub.framework; sourceTree = BUILT_PRODUCTS_DIR; };
/* End PBXFileReference section */

/* Begin PBXFrameworksBuildPhase section */
		4B58E95A1D0A15A600947B3C /* Frameworks */ = {
			isa = PBXFrameworksBuildPhase;
			buildActionMask = 2147483647;
			files = (
				94CAA677AF73695F88A34F85 /* Pods_SmartHomeTVHub.framework in Frameworks */,
			);
			runOnlyForDeploymentPostprocessing = 0;
		};
		4B58E96B1D0A15A600947B3C /* Frameworks */ = {
			isa = PBXFrameworksBuildPhase;
			buildActionMask = 2147483647;
			files = (
			);
			runOnlyForDeploymentPostprocessing = 0;
		};
		4B58E9761D0A15A600947B3C /* Frameworks */ = {
			isa = PBXFrameworksBuildPhase;
			buildActionMask = 2147483647;
			files = (
			);
			runOnlyForDeploymentPostprocessing = 0;
		};
/* End PBXFrameworksBuildPhase section */

/* Begin PBXGroup section */
		4B58E9541D0A15A600947B3C = {
			isa = PBXGroup;
			children = (
				4BB8F1DA1D2F244C00FAB167 /* Resources */,
				4B58E95F1D0A15A600947B3C /* SmartHomeTVHub */,
				4B58E9711D0A15A600947B3C /* SmartHomeTVHubTests */,
				4B58E97C1D0A15A600947B3C /* SmartHomeTVHubUITests */,
				4B58E95E1D0A15A600947B3C /* Products */,
				CC101284CD152CE9E5EF23FE /* Pods */,
				4CCD8215670E60585F62F3E2 /* Frameworks */,
			);
			sourceTree = "<group>";
		};
		4B58E95E1D0A15A600947B3C /* Products */ = {
			isa = PBXGroup;
			children = (
				4B58E95D1D0A15A600947B3C /* SmartHomeTVHub.app */,
				4B58E96E1D0A15A600947B3C /* SmartHomeTVHubTests.xctest */,
				4B58E9791D0A15A600947B3C /* SmartHomeTVHubUITests.xctest */,
			);
			name = Products;
			sourceTree = "<group>";
		};
		4B58E95F1D0A15A600947B3C /* SmartHomeTVHub */ = {
			isa = PBXGroup;
			children = (
				4B58E9601D0A15A600947B3C /* AppDelegate.swift */,
				4B58E9621D0A15A600947B3C /* SmartHubViewController.swift */,
				4B58E98B1D0A167000947B3C /* IoTObjectCell.swift */,
				4B712C311D1C547C008E9E8F /* LightBulbCell.swift */,
				4B712C351D1C5516008E9E8F /* KettleCell.swift */,
				4B712C371D1C5563008E9E8F /* ThermostatCell.swift */,
				4B58E9641D0A15A600947B3C /* Main.storyboard */,
				4B58E9671D0A15A600947B3C /* Assets.xcassets */,
				4B58E9691D0A15A600947B3C /* Info.plist */,
			);
			path = SmartHomeTVHub;
			sourceTree = "<group>";
		};
		4B58E9711D0A15A600947B3C /* SmartHomeTVHubTests */ = {
			isa = PBXGroup;
			children = (
				4B58E9721D0A15A600947B3C /* SmartHomeTVHubTests.swift */,
				4B58E9741D0A15A600947B3C /* Info.plist */,
			);
			path = SmartHomeTVHubTests;
			sourceTree = "<group>";
		};
		4B58E97C1D0A15A600947B3C /* SmartHomeTVHubUITests */ = {
			isa = PBXGroup;
			children = (
				4B58E97D1D0A15A600947B3C /* SmartHomeTVHubUITests.swift */,
				4B58E97F1D0A15A600947B3C /* Info.plist */,
			);
			path = SmartHomeTVHubUITests;
			sourceTree = "<group>";
		};
		4BB8F1DA1D2F244C00FAB167 /* Resources */ = {
			isa = PBXGroup;
			children = (
				4BB8F1DB1D2F244C00FAB167 /* SF-UI-Display-Black.otf */,
				4BB8F1DC1D2F244C00FAB167 /* SF-UI-Display-Bold.otf */,
				4BB8F1DD1D2F244C00FAB167 /* SF-UI-Display-Heavy.otf */,
				4BB8F1DE1D2F244C00FAB167 /* SF-UI-Display-Light.otf */,
				4BB8F1DF1D2F244C00FAB167 /* SF-UI-Display-Medium.otf */,
				4BB8F1E01D2F244C00FAB167 /* SF-UI-Display-Regular.otf */,
				4BB8F1E11D2F244C00FAB167 /* SF-UI-Display-Semibold.otf */,
				4BB8F1E21D2F244C00FAB167 /* SF-UI-Display-Thin.otf */,
				4BB8F1E31D2F244C00FAB167 /* SF-UI-Display-Ultralight.otf */,
			);
			name = Resources;
			path = SmartHomeTVHub/Resources;
			sourceTree = "<group>";
		};
		4CCD8215670E60585F62F3E2 /* Frameworks */ = {
			isa = PBXGroup;
			children = (
				DB6D34B42B0A311025BF8086 /* Pods_SmartHomeTVHub.framework */,
			);
			name = Frameworks;
			sourceTree = "<group>";
		};
		CC101284CD152CE9E5EF23FE /* Pods */ = {
			isa = PBXGroup;
			children = (
				A543E8E087BE0F0D11886401 /* Pods-SmartHomeTVHub.debug.xcconfig */,
				822301B88D566194712624FB /* Pods-SmartHomeTVHub.release.xcconfig */,
			);
			name = Pods;
			sourceTree = "<group>";
		};
/* End PBXGroup section */

/* Begin PBXNativeTarget section */
		4B58E95C1D0A15A600947B3C /* SmartHomeTVHub */ = {
			isa = PBXNativeTarget;
			buildConfigurationList = 4B58E9821D0A15A600947B3C /* Build configuration list for PBXNativeTarget "SmartHomeTVHub" */;
			buildPhases = (
				5EC6B01317F6068667B70E51 /* [CP] Check Pods Manifest.lock */,
				4B58E9591D0A15A600947B3C /* Sources */,
				4B58E95A1D0A15A600947B3C /* Frameworks */,
				4B58E95B1D0A15A600947B3C /* Resources */,
				FD5728822BF1D34696EB13E4 /* [CP] Embed Pods Frameworks */,
				DF35F6BDA2BBC9C684E0A823 /* [CP] Copy Pods Resources */,
			);
			buildRules = (
			);
			dependencies = (
			);
			name = SmartHomeTVHub;
			productName = SmartHomeTVHub;
			productReference = 4B58E95D1D0A15A600947B3C /* SmartHomeTVHub.app */;
			productType = "com.apple.product-type.application";
		};
		4B58E96D1D0A15A600947B3C /* SmartHomeTVHubTests */ = {
			isa = PBXNativeTarget;
			buildConfigurationList = 4B58E9851D0A15A600947B3C /* Build configuration list for PBXNativeTarget "SmartHomeTVHubTests" */;
			buildPhases = (
				4B58E96A1D0A15A600947B3C /* Sources */,
				4B58E96B1D0A15A600947B3C /* Frameworks */,
				4B58E96C1D0A15A600947B3C /* Resources */,
			);
			buildRules = (
			);
			dependencies = (
				4B58E9701D0A15A600947B3C /* PBXTargetDependency */,
			);
			name = SmartHomeTVHubTests;
			productName = SmartHomeTVHubTests;
			productReference = 4B58E96E1D0A15A600947B3C /* SmartHomeTVHubTests.xctest */;
			productType = "com.apple.product-type.bundle.unit-test";
		};
		4B58E9781D0A15A600947B3C /* SmartHomeTVHubUITests */ = {
			isa = PBXNativeTarget;
			buildConfigurationList = 4B58E9881D0A15A600947B3C /* Build configuration list for PBXNativeTarget "SmartHomeTVHubUITests" */;
			buildPhases = (
				4B58E9751D0A15A600947B3C /* Sources */,
				4B58E9761D0A15A600947B3C /* Frameworks */,
				4B58E9771D0A15A600947B3C /* Resources */,
			);
			buildRules = (
			);
			dependencies = (
				4B58E97B1D0A15A600947B3C /* PBXTargetDependency */,
			);
			name = SmartHomeTVHubUITests;
			productName = SmartHomeTVHubUITests;
			productReference = 4B58E9791D0A15A600947B3C /* SmartHomeTVHubUITests.xctest */;
			productType = "com.apple.product-type.bundle.ui-testing";
		};
/* End PBXNativeTarget section */

/* Begin PBXProject section */
		4B58E9551D0A15A600947B3C /* Project object */ = {
			isa = PBXProject;
			attributes = {
				LastSwiftUpdateCheck = 0730;
				LastUpgradeCheck = 0730;
				ORGANIZATIONNAME = "Keith Martin";
				TargetAttributes = {
					4B58E95C1D0A15A600947B3C = {
						CreatedOnToolsVersion = 7.3.1;
					};
					4B58E96D1D0A15A600947B3C = {
						CreatedOnToolsVersion = 7.3.1;
						TestTargetID = 4B58E95C1D0A15A600947B3C;
					};
					4B58E9781D0A15A600947B3C = {
						CreatedOnToolsVersion = 7.3.1;
						TestTargetID = 4B58E95C1D0A15A600947B3C;
					};
				};
			};
			buildConfigurationList = 4B58E9581D0A15A600947B3C /* Build configuration list for PBXProject "SmartHomeTVHub" */;
			compatibilityVersion = "Xcode 3.2";
			developmentRegion = English;
			hasScannedForEncodings = 0;
			knownRegions = (
				en,
				Base,
			);
			mainGroup = 4B58E9541D0A15A600947B3C;
			productRefGroup = 4B58E95E1D0A15A600947B3C /* Products */;
			projectDirPath = "";
			projectRoot = "";
			targets = (
				4B58E95C1D0A15A600947B3C /* SmartHomeTVHub */,
				4B58E96D1D0A15A600947B3C /* SmartHomeTVHubTests */,
				4B58E9781D0A15A600947B3C /* SmartHomeTVHubUITests */,
			);
		};
/* End PBXProject section */

/* Begin PBXResourcesBuildPhase section */
		4B58E95B1D0A15A600947B3C /* Resources */ = {
			isa = PBXResourcesBuildPhase;
			buildActionMask = 2147483647;
			files = (
				4BB8F1E41D2F244C00FAB167 /* SF-UI-Display-Black.otf in Resources */,
				4BB8F1E61D2F244C00FAB167 /* SF-UI-Display-Heavy.otf in Resources */,
				4BB8F1E81D2F244C00FAB167 /* SF-UI-Display-Medium.otf in Resources */,
				4BB8F1E71D2F244C00FAB167 /* SF-UI-Display-Light.otf in Resources */,
				4BB8F1EB1D2F244C00FAB167 /* SF-UI-Display-Thin.otf in Resources */,
				4B58E9681D0A15A600947B3C /* Assets.xcassets in Resources */,
				4BB8F1E51D2F244C00FAB167 /* SF-UI-Display-Bold.otf in Resources */,
				4BB8F1E91D2F244C00FAB167 /* SF-UI-Display-Regular.otf in Resources */,
				4B58E9661D0A15A600947B3C /* Main.storyboard in Resources */,
				4BB8F1EA1D2F244C00FAB167 /* SF-UI-Display-Semibold.otf in Resources */,
				4BB8F1EC1D2F244C00FAB167 /* SF-UI-Display-Ultralight.otf in Resources */,
			);
			runOnlyForDeploymentPostprocessing = 0;
		};
		4B58E96C1D0A15A600947B3C /* Resources */ = {
			isa = PBXResourcesBuildPhase;
			buildActionMask = 2147483647;
			files = (
			);
			runOnlyForDeploymentPostprocessing = 0;
		};
		4B58E9771D0A15A600947B3C /* Resources */ = {
			isa = PBXResourcesBuildPhase;
			buildActionMask = 2147483647;
			files = (
			);
			runOnlyForDeploymentPostprocessing = 0;
		};
/* End PBXResourcesBuildPhase section */

/* Begin PBXShellScriptBuildPhase section */
		5EC6B01317F6068667B70E51 /* [CP] Check Pods Manifest.lock */ = {
			isa = PBXShellScriptBuildPhase;
			buildActionMask = 2147483647;
			files = (
			);
			inputPaths = (
			);
			name = "[CP] Check Pods Manifest.lock";
			outputPaths = (
			);
			runOnlyForDeploymentPostprocessing = 0;
			shellPath = /bin/sh;
			shellScript = "diff \"${PODS_ROOT}/../Podfile.lock\" \"${PODS_ROOT}/Manifest.lock\" > /dev/null\nif [[ $? != 0 ]] ; then\n    cat << EOM\nerror: The sandbox is not in sync with the Podfile.lock. Run 'pod install' or update your CocoaPods installation.\nEOM\n    exit 1\nfi\n";
			showEnvVarsInLog = 0;
		};
		DF35F6BDA2BBC9C684E0A823 /* [CP] Copy Pods Resources */ = {
			isa = PBXShellScriptBuildPhase;
			buildActionMask = 2147483647;
			files = (
			);
			inputPaths = (
			);
			name = "[CP] Copy Pods Resources";
			outputPaths = (
			);
			runOnlyForDeploymentPostprocessing = 0;
			shellPath = /bin/sh;
			shellScript = "\"${SRCROOT}/Pods/Target Support Files/Pods-SmartHomeTVHub/Pods-SmartHomeTVHub-resources.sh\"\n";
			showEnvVarsInLog = 0;
		};
		FD5728822BF1D34696EB13E4 /* [CP] Embed Pods Frameworks */ = {
			isa = PBXShellScriptBuildPhase;
			buildActionMask = 2147483647;
			files = (
			);
			inputPaths = (
			);
			name = "[CP] Embed Pods Frameworks";
			outputPaths = (
			);
			runOnlyForDeploymentPostprocessing = 0;
			shellPath = /bin/sh;
			shellScript = "\"${SRCROOT}/Pods/Target Support Files/Pods-SmartHomeTVHub/Pods-SmartHomeTVHub-frameworks.sh\"\n";
			showEnvVarsInLog = 0;
		};
/* End PBXShellScriptBuildPhase section */

/* Begin PBXSourcesBuildPhase section */
		4B58E9591D0A15A600947B3C /* Sources */ = {
			isa = PBXSourcesBuildPhase;
			buildActionMask = 2147483647;
			files = (
				4B712C361D1C5516008E9E8F /* KettleCell.swift in Sources */,
				4B712C321D1C547C008E9E8F /* LightBulbCell.swift in Sources */,
				4B712C381D1C5563008E9E8F /* ThermostatCell.swift in Sources */,
				4B58E9631D0A15A600947B3C /* SmartHubViewController.swift in Sources */,
				4B58E9611D0A15A600947B3C /* AppDelegate.swift in Sources */,
				4B58E98C1D0A167000947B3C /* IoTObjectCell.swift in Sources */,
			);
			runOnlyForDeploymentPostprocessing = 0;
		};
		4B58E96A1D0A15A600947B3C /* Sources */ = {
			isa = PBXSourcesBuildPhase;
			buildActionMask = 2147483647;
			files = (
				4B58E9731D0A15A600947B3C /* SmartHomeTVHubTests.swift in Sources */,
			);
			runOnlyForDeploymentPostprocessing = 0;
		};
		4B58E9751D0A15A600947B3C /* Sources */ = {
			isa = PBXSourcesBuildPhase;
			buildActionMask = 2147483647;
			files = (
				4B58E97E1D0A15A600947B3C /* SmartHomeTVHubUITests.swift in Sources */,
			);
			runOnlyForDeploymentPostprocessing = 0;
		};
/* End PBXSourcesBuildPhase section */

/* Begin PBXTargetDependency section */
		4B58E9701D0A15A600947B3C /* PBXTargetDependency */ = {
			isa = PBXTargetDependency;
			target = 4B58E95C1D0A15A600947B3C /* SmartHomeTVHub */;
			targetProxy = 4B58E96F1D0A15A600947B3C /* PBXContainerItemProxy */;
		};
		4B58E97B1D0A15A600947B3C /* PBXTargetDependency */ = {
			isa = PBXTargetDependency;
			target = 4B58E95C1D0A15A600947B3C /* SmartHomeTVHub */;
			targetProxy = 4B58E97A1D0A15A600947B3C /* PBXContainerItemProxy */;
		};
/* End PBXTargetDependency section */

/* Begin PBXVariantGroup section */
		4B58E9641D0A15A600947B3C /* Main.storyboard */ = {
			isa = PBXVariantGroup;
			children = (
				4B58E9651D0A15A600947B3C /* Base */,
			);
			name = Main.storyboard;
			sourceTree = "<group>";
		};
/* End PBXVariantGroup section */

/* Begin XCBuildConfiguration section */
		4B58E9801D0A15A600947B3C /* Debug */ = {
			isa = XCBuildConfiguration;
			buildSettings = {
				ALWAYS_SEARCH_USER_PATHS = NO;
				CLANG_ANALYZER_NONNULL = YES;
				CLANG_CXX_LANGUAGE_STANDARD = "gnu++0x";
				CLANG_CXX_LIBRARY = "libc++";
				CLANG_ENABLE_MODULES = YES;
				CLANG_ENABLE_OBJC_ARC = YES;
				CLANG_WARN_BOOL_CONVERSION = YES;
				CLANG_WARN_CONSTANT_CONVERSION = YES;
				CLANG_WARN_DIRECT_OBJC_ISA_USAGE = YES_ERROR;
				CLANG_WARN_EMPTY_BODY = YES;
				CLANG_WARN_ENUM_CONVERSION = YES;
				CLANG_WARN_INT_CONVERSION = YES;
				CLANG_WARN_OBJC_ROOT_CLASS = YES_ERROR;
				CLANG_WARN_UNREACHABLE_CODE = YES;
				CLANG_WARN__DUPLICATE_METHOD_MATCH = YES;
				COPY_PHASE_STRIP = NO;
				DEBUG_INFORMATION_FORMAT = dwarf;
				ENABLE_STRICT_OBJC_MSGSEND = YES;
				ENABLE_TESTABILITY = YES;
				GCC_C_LANGUAGE_STANDARD = gnu99;
				GCC_DYNAMIC_NO_PIC = NO;
				GCC_NO_COMMON_BLOCKS = YES;
				GCC_OPTIMIZATION_LEVEL = 0;
				GCC_PREPROCESSOR_DEFINITIONS = (
					"DEBUG=1",
					"$(inherited)",
				);
				GCC_WARN_64_TO_32_BIT_CONVERSION = YES;
				GCC_WARN_ABOUT_RETURN_TYPE = YES_ERROR;
				GCC_WARN_UNDECLARED_SELECTOR = YES;
				GCC_WARN_UNINITIALIZED_AUTOS = YES_AGGRESSIVE;
				GCC_WARN_UNUSED_FUNCTION = YES;
				GCC_WARN_UNUSED_VARIABLE = YES;
				MTL_ENABLE_DEBUG_INFO = YES;
				ONLY_ACTIVE_ARCH = YES;
				SDKROOT = appletvos;
				SWIFT_OPTIMIZATION_LEVEL = "-Onone";
				TARGETED_DEVICE_FAMILY = 3;
				TVOS_DEPLOYMENT_TARGET = 9.2;
			};
			name = Debug;
		};
		4B58E9811D0A15A600947B3C /* Release */ = {
			isa = XCBuildConfiguration;
			buildSettings = {
				ALWAYS_SEARCH_USER_PATHS = NO;
				CLANG_ANALYZER_NONNULL = YES;
				CLANG_CXX_LANGUAGE_STANDARD = "gnu++0x";
				CLANG_CXX_LIBRARY = "libc++";
				CLANG_ENABLE_MODULES = YES;
				CLANG_ENABLE_OBJC_ARC = YES;
				CLANG_WARN_BOOL_CONVERSION = YES;
				CLANG_WARN_CONSTANT_CONVERSION = YES;
				CLANG_WARN_DIRECT_OBJC_ISA_USAGE = YES_ERROR;
				CLANG_WARN_EMPTY_BODY = YES;
				CLANG_WARN_ENUM_CONVERSION = YES;
				CLANG_WARN_INT_CONVERSION = YES;
				CLANG_WARN_OBJC_ROOT_CLASS = YES_ERROR;
				CLANG_WARN_UNREACHABLE_CODE = YES;
				CLANG_WARN__DUPLICATE_METHOD_MATCH = YES;
				COPY_PHASE_STRIP = NO;
				DEBUG_INFORMATION_FORMAT = "dwarf-with-dsym";
				ENABLE_NS_ASSERTIONS = NO;
				ENABLE_STRICT_OBJC_MSGSEND = YES;
				GCC_C_LANGUAGE_STANDARD = gnu99;
				GCC_NO_COMMON_BLOCKS = YES;
				GCC_WARN_64_TO_32_BIT_CONVERSION = YES;
				GCC_WARN_ABOUT_RETURN_TYPE = YES_ERROR;
				GCC_WARN_UNDECLARED_SELECTOR = YES;
				GCC_WARN_UNINITIALIZED_AUTOS = YES_AGGRESSIVE;
				GCC_WARN_UNUSED_FUNCTION = YES;
				GCC_WARN_UNUSED_VARIABLE = YES;
				MTL_ENABLE_DEBUG_INFO = NO;
				SDKROOT = appletvos;
				TARGETED_DEVICE_FAMILY = 3;
				TVOS_DEPLOYMENT_TARGET = 9.2;
				VALIDATE_PRODUCT = YES;
			};
			name = Release;
		};
		4B58E9831D0A15A600947B3C /* Debug */ = {
			isa = XCBuildConfiguration;
			baseConfigurationReference = A543E8E087BE0F0D11886401 /* Pods-SmartHomeTVHub.debug.xcconfig */;
			buildSettings = {
				ASSETCATALOG_COMPILER_APPICON_NAME = "App Icon & Top Shelf Image";
				ASSETCATALOG_COMPILER_LAUNCHIMAGE_NAME = LaunchImage;
				CODE_SIGN_IDENTITY = "iPhone Developer";
				INFOPLIST_FILE = SmartHomeTVHub/Info.plist;
				LD_RUNPATH_SEARCH_PATHS = "$(inherited) @executable_path/Frameworks";
				PRODUCT_BUNDLE_IDENTIFIER = com.PubNub.SmartHomeTVHub;
				PRODUCT_NAME = "$(TARGET_NAME)";
			};
			name = Debug;
		};
		4B58E9841D0A15A600947B3C /* Release */ = {
			isa = XCBuildConfiguration;
			baseConfigurationReference = 822301B88D566194712624FB /* Pods-SmartHomeTVHub.release.xcconfig */;
			buildSettings = {
				ASSETCATALOG_COMPILER_APPICON_NAME = "App Icon & Top Shelf Image";
				ASSETCATALOG_COMPILER_LAUNCHIMAGE_NAME = LaunchImage;
				CODE_SIGN_IDENTITY = "iPhone Developer";
				INFOPLIST_FILE = SmartHomeTVHub/Info.plist;
				LD_RUNPATH_SEARCH_PATHS = "$(inherited) @executable_path/Frameworks";
				PRODUCT_BUNDLE_IDENTIFIER = com.PubNub.SmartHomeTVHub;
				PRODUCT_NAME = "$(TARGET_NAME)";
			};
			name = Release;
		};
		4B58E9861D0A15A600947B3C /* Debug */ = {
			isa = XCBuildConfiguration;
			buildSettings = {
				BUNDLE_LOADER = "$(TEST_HOST)";
				INFOPLIST_FILE = SmartHomeTVHubTests/Info.plist;
				LD_RUNPATH_SEARCH_PATHS = "$(inherited) @executable_path/Frameworks @loader_path/Frameworks";
				PRODUCT_BUNDLE_IDENTIFIER = com.PubNub.SmartHomeTVHubTests;
				PRODUCT_NAME = "$(TARGET_NAME)";
				TEST_HOST = "$(BUILT_PRODUCTS_DIR)/SmartHomeTVHub.app/SmartHomeTVHub";
			};
			name = Debug;
		};
		4B58E9871D0A15A600947B3C /* Release */ = {
			isa = XCBuildConfiguration;
			buildSettings = {
				BUNDLE_LOADER = "$(TEST_HOST)";
				INFOPLIST_FILE = SmartHomeTVHubTests/Info.plist;
				LD_RUNPATH_SEARCH_PATHS = "$(inherited) @executable_path/Frameworks @loader_path/Frameworks";
				PRODUCT_BUNDLE_IDENTIFIER = com.PubNub.SmartHomeTVHubTests;
				PRODUCT_NAME = "$(TARGET_NAME)";
				TEST_HOST = "$(BUILT_PRODUCTS_DIR)/SmartHomeTVHub.app/SmartHomeTVHub";
			};
			name = Release;
		};
		4B58E9891D0A15A600947B3C /* Debug */ = {
			isa = XCBuildConfiguration;
			buildSettings = {
				INFOPLIST_FILE = SmartHomeTVHubUITests/Info.plist;
				LD_RUNPATH_SEARCH_PATHS = "$(inherited) @executable_path/Frameworks @loader_path/Frameworks";
				PRODUCT_BUNDLE_IDENTIFIER = com.PubNub.SmartHomeTVHubUITests;
				PRODUCT_NAME = "$(TARGET_NAME)";
				TEST_TARGET_NAME = SmartHomeTVHub;
			};
			name = Debug;
		};
		4B58E98A1D0A15A600947B3C /* Release */ = {
			isa = XCBuildConfiguration;
			buildSettings = {
				INFOPLIST_FILE = SmartHomeTVHubUITests/Info.plist;
				LD_RUNPATH_SEARCH_PATHS = "$(inherited) @executable_path/Frameworks @loader_path/Frameworks";
				PRODUCT_BUNDLE_IDENTIFIER = com.PubNub.SmartHomeTVHubUITests;
				PRODUCT_NAME = "$(TARGET_NAME)";
				TEST_TARGET_NAME = SmartHomeTVHub;
			};
			name = Release;
		};
/* End XCBuildConfiguration section */

/* Begin XCConfigurationList section */
		4B58E9581D0A15A600947B3C /* Build configuration list for PBXProject "SmartHomeTVHub" */ = {
			isa = XCConfigurationList;
			buildConfigurations = (
				4B58E9801D0A15A600947B3C /* Debug */,
				4B58E9811D0A15A600947B3C /* Release */,
			);
			defaultConfigurationIsVisible = 0;
			defaultConfigurationName = Release;
		};
		4B58E9821D0A15A600947B3C /* Build configuration list for PBXNativeTarget "SmartHomeTVHub" */ = {
			isa = XCConfigurationList;
			buildConfigurations = (
				4B58E9831D0A15A600947B3C /* Debug */,
				4B58E9841D0A15A600947B3C /* Release */,
			);
			defaultConfigurationIsVisible = 0;
			defaultConfigurationName = Release;
		};
		4B58E9851D0A15A600947B3C /* Build configuration list for PBXNativeTarget "SmartHomeTVHubTests" */ = {
			isa = XCConfigurationList;
			buildConfigurations = (
				4B58E9861D0A15A600947B3C /* Debug */,
				4B58E9871D0A15A600947B3C /* Release */,
			);
			defaultConfigurationIsVisible = 0;
			defaultConfigurationName = Release;
		};
		4B58E9881D0A15A600947B3C /* Build configuration list for PBXNativeTarget "SmartHomeTVHubUITests" */ = {
			isa = XCConfigurationList;
			buildConfigurations = (
				4B58E9891D0A15A600947B3C /* Debug */,
				4B58E98A1D0A15A600947B3C /* Release */,
			);
			defaultConfigurationIsVisible = 0;
			defaultConfigurationName = Release;
		};
/* End XCConfigurationList section */
	};
	rootObject = 4B58E9551D0A15A600947B3C /* Project object */;
}
